
Microsoft Visual Studio Solution File, Format Version 12.00
# Visual Studio 2015
Project("{FAE04EC0-301F-11D3-BF4B-00C04F79EFBC}") = "ProjectDS.CSharp.Plugins", "ProjectDS.CSharp.Plugins.csproj", "{2B963E85-9494-B080-54E3-A49AC75E5DB2}"
EndProject
Project("{FAE04EC0-301F-11D3-BF4B-00C04F79EFBC}") = "ProjectDS.CSharp", "ProjectDS.CSharp.csproj", "{C2E98760-D117-CA8F-6443-F6A75FE8BC22}"
EndProject
Project("{FAE04EC0-301F-11D3-BF4B-00C04F79EFBC}") = "ProjectDS.CSharp.Editor", "ProjectDS.CSharp.Editor.csproj", "{BD54B2BE-72B7-9EC4-2CF7-FEE13295C603}"
EndProject
Global
	GlobalSection(SolutionConfigurationPlatforms) = preSolution
		Debug|Any CPU = Debug|Any CPU
		Release|Any CPU = Release|Any CPU
	EndGlobalSection
	GlobalSection(ProjectConfigurationPlatforms) = postSolution
		{2B963E85-9494-B080-54E3-A49AC75E5DB2}.Debug|Any CPU.ActiveCfg = Debug|Any CPU
		{2B963E85-9494-B080-54E3-A49AC75E5DB2}.Debug|Any CPU.Build.0 = Debug|Any CPU
		{2B963E85-9494-B080-54E3-A49AC75E5DB2}.Release|Any CPU.ActiveCfg = Release|Any CPU
		{2B963E85-9494-B080-54E3-A49AC75E5DB2}.Release|Any CPU.Build.0 = Release|Any CPU
		{C2E98760-D117-CA8F-6443-F6A75FE8BC22}.Debug|Any CPU.ActiveCfg = Debug|Any CPU
		{C2E98760-D117-CA8F-6443-F6A75FE8BC22}.Debug|Any CPU.Build.0 = Debug|Any CPU
		{C2E98760-D117-CA8F-6443-F6A75FE8BC22}.Release|Any CPU.ActiveCfg = Release|Any CPU
		{C2E98760-D117-CA8F-6443-F6A75FE8BC22}.Release|Any CPU.Build.0 = Release|Any CPU
		{BD54B2BE-72B7-9EC4-2CF7-FEE13295C603}.Debug|Any CPU.ActiveCfg = Debug|Any CPU
		{BD54B2BE-72B7-9EC4-2CF7-FEE13295C603}.Debug|Any CPU.Build.0 = Debug|Any CPU
		{BD54B2BE-72B7-9EC4-2CF7-FEE13295C603}.Release|Any CPU.ActiveCfg = Release|Any CPU
		{BD54B2BE-72B7-9EC4-2CF7-FEE13295C603}.Release|Any CPU.Build.0 = Release|Any CPU
	EndGlobalSection
	GlobalSection(SolutionProperties) = preSolution
		HideSolutionNode = FALSE
	EndGlobalSection
EndGlobal
