
Microsoft Visual Studio Solution File, Format Version 12.00
# Visual Studio 2015
Project("{FAE04EC0-301F-11D3-BF4B-00C04F79EFBC}") = "TwinStrick.CSharp", "TwinStrick.CSharp.csproj", "{C1746A10-04D2-0D3A-B07B-7B37B64A2CAA}"
EndProject
Global
	GlobalSection(SolutionConfigurationPlatforms) = preSolution
		Debug|Any CPU = Debug|Any CPU
		Release|Any CPU = Release|Any CPU
	EndGlobalSection
	GlobalSection(ProjectConfigurationPlatforms) = postSolution
		{C1746A10-04D2-0D3A-B07B-7B37B64A2CAA}.Debug|Any CPU.ActiveCfg = Debug|Any CPU
		{C1746A10-04D2-0D3A-B07B-7B37B64A2CAA}.Debug|Any CPU.Build.0 = Debug|Any CPU
		{C1746A10-04D2-0D3A-B07B-7B37B64A2CAA}.Release|Any CPU.ActiveCfg = Release|Any CPU
		{C1746A10-04D2-0D3A-B07B-7B37B64A2CAA}.Release|Any CPU.Build.0 = Release|Any CPU
	EndGlobalSection
	GlobalSection(SolutionProperties) = preSolution
		HideSolutionNode = FALSE
	EndGlobalSection
EndGlobal
