
Microsoft Visual Studio Solution File, Format Version 12.00
# Visual Studio 2015
Project("{FAE04EC0-301F-11D3-BF4B-00C04F79EFBC}") = "TwinStickShooter.CSharp", "TwinStickShooter.CSharp.csproj", "{1DF9A737-C2E5-1798-3F31-FFBA7C416242}"
EndProject
Project("{FAE04EC0-301F-11D3-BF4B-00C04F79EFBC}") = "TwinStickShooter.CSharp.Editor", "TwinStickShooter.CSharp.Editor.csproj", "{2D39D815-7F8B-5071-1987-FF2E73AF8252}"
EndProject
Global
	GlobalSection(SolutionConfigurationPlatforms) = preSolution
		Debug|Any CPU = Debug|Any CPU
		Release|Any CPU = Release|Any CPU
	EndGlobalSection
	GlobalSection(ProjectConfigurationPlatforms) = postSolution
		{1DF9A737-C2E5-1798-3F31-FFBA7C416242}.Debug|Any CPU.ActiveCfg = Debug|Any CPU
		{1DF9A737-C2E5-1798-3F31-FFBA7C416242}.Debug|Any CPU.Build.0 = Debug|Any CPU
		{1DF9A737-C2E5-1798-3F31-FFBA7C416242}.Release|Any CPU.ActiveCfg = Release|Any CPU
		{1DF9A737-C2E5-1798-3F31-FFBA7C416242}.Release|Any CPU.Build.0 = Release|Any CPU
		{2D39D815-7F8B-5071-1987-FF2E73AF8252}.Debug|Any CPU.ActiveCfg = Debug|Any CPU
		{2D39D815-7F8B-5071-1987-FF2E73AF8252}.Debug|Any CPU.Build.0 = Debug|Any CPU
		{2D39D815-7F8B-5071-1987-FF2E73AF8252}.Release|Any CPU.ActiveCfg = Release|Any CPU
		{2D39D815-7F8B-5071-1987-FF2E73AF8252}.Release|Any CPU.Build.0 = Release|Any CPU
	EndGlobalSection
	GlobalSection(SolutionProperties) = preSolution
		HideSolutionNode = FALSE
	EndGlobalSection
EndGlobal
