
Microsoft Visual Studio Solution File, Format Version 12.00
# Visual Studio 2015
Project("{FAE04EC0-301F-11D3-BF4B-00C04F79EFBC}") = "HeroesLikeGame.CSharp.Plugins", "HeroesLikeGame.CSharp.Plugins.csproj", "{139766E6-6CD2-B3C8-B668-F709F6AB52F5}"
EndProject
Project("{FAE04EC0-301F-11D3-BF4B-00C04F79EFBC}") = "HeroesLikeGame.CSharp", "HeroesLikeGame.CSharp.csproj", "{B8E22BCC-34F7-AE38-E995-A30D75E9BC3F}"
EndProject
Project("{FAE04EC0-301F-11D3-BF4B-00C04F79EFBC}") = "HeroesLikeGame.CSharp.Editor", "HeroesLikeGame.CSharp.Editor.csproj", "{360CE169-06C6-A119-4677-672CEF4D4062}"
EndProject
Global
	GlobalSection(SolutionConfigurationPlatforms) = preSolution
		Debug|Any CPU = Debug|Any CPU
		Release|Any CPU = Release|Any CPU
	EndGlobalSection
	GlobalSection(ProjectConfigurationPlatforms) = postSolution
		{139766E6-6CD2-B3C8-B668-F709F6AB52F5}.Debug|Any CPU.ActiveCfg = Debug|Any CPU
		{139766E6-6CD2-B3C8-B668-F709F6AB52F5}.Debug|Any CPU.Build.0 = Debug|Any CPU
		{139766E6-6CD2-B3C8-B668-F709F6AB52F5}.Release|Any CPU.ActiveCfg = Release|Any CPU
		{139766E6-6CD2-B3C8-B668-F709F6AB52F5}.Release|Any CPU.Build.0 = Release|Any CPU
		{B8E22BCC-34F7-AE38-E995-A30D75E9BC3F}.Debug|Any CPU.ActiveCfg = Debug|Any CPU
		{B8E22BCC-34F7-AE38-E995-A30D75E9BC3F}.Debug|Any CPU.Build.0 = Debug|Any CPU
		{B8E22BCC-34F7-AE38-E995-A30D75E9BC3F}.Release|Any CPU.ActiveCfg = Release|Any CPU
		{B8E22BCC-34F7-AE38-E995-A30D75E9BC3F}.Release|Any CPU.Build.0 = Release|Any CPU
		{360CE169-06C6-A119-4677-672CEF4D4062}.Debug|Any CPU.ActiveCfg = Debug|Any CPU
		{360CE169-06C6-A119-4677-672CEF4D4062}.Debug|Any CPU.Build.0 = Debug|Any CPU
		{360CE169-06C6-A119-4677-672CEF4D4062}.Release|Any CPU.ActiveCfg = Release|Any CPU
		{360CE169-06C6-A119-4677-672CEF4D4062}.Release|Any CPU.Build.0 = Release|Any CPU
	EndGlobalSection
	GlobalSection(SolutionProperties) = preSolution
		HideSolutionNode = FALSE
	EndGlobalSection
EndGlobal
